
Microsoft Visual Studio Solution File, Format Version 12.00
# Visual Studio Version 17
VisualStudioVersion = 17.10.34928.147
MinimumVisualStudioVersion = 10.0.40219.1
Project("{FAE04EC0-301F-11D3-BF4B-00C04F79EFBC}") = "QuanLyNhanVien", "QuanLyNhanVien\QuanLyNhanVien.csproj", "{9E3953E3-8F75-4270-8C7A-4E9209F4890B}"
EndProject
Global
	GlobalSection(SolutionConfigurationPlatforms) = preSolution
		Debug|Any CPU = Debug|Any CPU
		Release|Any CPU = Release|Any CPU
	EndGlobalSection
	GlobalSection(ProjectConfigurationPlatforms) = postSolution
		{9E3953E3-8F75-4270-8C7A-4E9209F4890B}.Debug|Any CPU.ActiveCfg = Debug|Any CPU
		{9E3953E3-8F75-4270-8C7A-4E9209F4890B}.Debug|Any CPU.Build.0 = Debug|Any CPU
		{9E3953E3-8F75-4270-8C7A-4E9209F4890B}.Release|Any CPU.ActiveCfg = Release|Any CPU
		{9E3953E3-8F75-4270-8C7A-4E9209F4890B}.Release|Any CPU.Build.0 = Release|Any CPU
	EndGlobalSection
	GlobalSection(SolutionProperties) = preSolution
		HideSolutionNode = FALSE
	EndGlobalSection
	GlobalSection(ExtensibilityGlobals) = postSolution
		SolutionGuid = {2CCD41FF-CFA7-4927-8706-148FA7FFE11A}
	EndGlobalSection
EndGlobal
